
Microsoft Visual Studio Solution File, Format Version 12.00
# Visual Studio 14
VisualStudioVersion = 14.0.25420.1
MinimumVisualStudioVersion = 10.0.40219.1
Project("{8BB2217D-0F2D-49D1-97BC-3654ED321F3B}") = "ApiClient", "ApiClient\ApiClient.xproj", "{D8FA77C1-D0F8-493E-BCBC-2785DB20B8EF}"
EndProject
Project("{8BB2217D-0F2D-49D1-97BC-3654ED321F3B}") = "ApiServer_v1", "ApiServer_v1\ApiServer_v1.xproj", "{3F76F0B2-B8D6-4B17-A219-514D46AED343}"
EndProject
Project("{8BB2217D-0F2D-49D1-97BC-3654ED321F3B}") = "ApiServer_v2", "ApiServer_v2\ApiServer_v2.xproj", "{DFDA9AE6-0542-4349-937D-6B8A6EAD440C}"
EndProject
Global
	GlobalSection(SolutionConfigurationPlatforms) = preSolution
		Debug|Any CPU = Debug|Any CPU
		Release|Any CPU = Release|Any CPU
	EndGlobalSection
	GlobalSection(ProjectConfigurationPlatforms) = postSolution
		{D8FA77C1-D0F8-493E-BCBC-2785DB20B8EF}.Debug|Any CPU.ActiveCfg = Debug|Any CPU
		{D8FA77C1-D0F8-493E-BCBC-2785DB20B8EF}.Debug|Any CPU.Build.0 = Debug|Any CPU
		{D8FA77C1-D0F8-493E-BCBC-2785DB20B8EF}.Release|Any CPU.ActiveCfg = Release|Any CPU
		{D8FA77C1-D0F8-493E-BCBC-2785DB20B8EF}.Release|Any CPU.Build.0 = Release|Any CPU
		{3F76F0B2-B8D6-4B17-A219-514D46AED343}.Debug|Any CPU.ActiveCfg = Debug|Any CPU
		{3F76F0B2-B8D6-4B17-A219-514D46AED343}.Debug|Any CPU.Build.0 = Debug|Any CPU
		{3F76F0B2-B8D6-4B17-A219-514D46AED343}.Release|Any CPU.ActiveCfg = Release|Any CPU
		{3F76F0B2-B8D6-4B17-A219-514D46AED343}.Release|Any CPU.Build.0 = Release|Any CPU
		{DFDA9AE6-0542-4349-937D-6B8A6EAD440C}.Debug|Any CPU.ActiveCfg = Debug|Any CPU
		{DFDA9AE6-0542-4349-937D-6B8A6EAD440C}.Debug|Any CPU.Build.0 = Debug|Any CPU
		{DFDA9AE6-0542-4349-937D-6B8A6EAD440C}.Release|Any CPU.ActiveCfg = Release|Any CPU
		{DFDA9AE6-0542-4349-937D-6B8A6EAD440C}.Release|Any CPU.Build.0 = Release|Any CPU
	EndGlobalSection
	GlobalSection(SolutionProperties) = preSolution
		HideSolutionNode = FALSE
	EndGlobalSection
EndGlobal
